// !$*UTF8*$!
{
	archiveVersion = 1;
	classes = {
	};
	objectVersion = 50;
	objects = {

/* Begin PBXBuildFile section */
		5700D4962323F65C005B818F /* AppDelegate.swift in Sources */ = {isa = PBXBuildFile; fileRef = 5700D4952323F65C005B818F /* AppDelegate.swift */; };
		5700D4982323F65C005B818F /* SceneDelegate.swift in Sources */ = {isa = PBXBuildFile; fileRef = 5700D4972323F65C005B818F /* SceneDelegate.swift */; };
		5700D49A2323F65C005B818F /* NewsList.swift in Sources */ = {isa = PBXBuildFile; fileRef = 5700D4992323F65C005B818F /* NewsList.swift */; };
		5700D49C2323F65D005B818F /* Assets.xcassets in Resources */ = {isa = PBXBuildFile; fileRef = 5700D49B2323F65D005B818F /* Assets.xcassets */; };
		5700D49F2323F65D005B818F /* Preview Assets.xcassets in Resources */ = {isa = PBXBuildFile; fileRef = 5700D49E2323F65D005B818F /* Preview Assets.xcassets */; };
		5700D4A22323F65D005B818F /* LaunchScreen.storyboard in Resources */ = {isa = PBXBuildFile; fileRef = 5700D4A02323F65D005B818F /* LaunchScreen.storyboard */; };
		5700D4AA2323F69C005B818F /* NewsModel.swift in Sources */ = {isa = PBXBuildFile; fileRef = 5700D4A92323F69C005B818F /* NewsModel.swift */; };
		5700D4AD2323F780005B818F /* Constants.swift in Sources */ = {isa = PBXBuildFile; fileRef = 5700D4AC2323F780005B818F /* Constants.swift */; };
		5700D4AF23243DA8005B818F /* TestData.swift in Sources */ = {isa = PBXBuildFile; fileRef = 5700D4AE23243DA8005B818F /* TestData.swift */; };
		5710AF1A232A6617003A0304 /* Snooz.app in Embed Watch Content */ = {isa = PBXBuildFile; fileRef = 5710AF19232A6617003A0304 /* Snooz.app */; settings = {ATTRIBUTES = (RemoveHeadersOnCopy, ); }; };
		5710AF20232A6617003A0304 /* Interface.storyboard in Resources */ = {isa = PBXBuildFile; fileRef = 5710AF1E232A6617003A0304 /* Interface.storyboard */; };
		5710AF22232A6618003A0304 /* Assets.xcassets in Resources */ = {isa = PBXBuildFile; fileRef = 5710AF21232A6618003A0304 /* Assets.xcassets */; };
		5710AF29232A6619003A0304 /* SnoozWatch WatchKit Extension.appex in Embed App Extensions */ = {isa = PBXBuildFile; fileRef = 5710AF28232A6619003A0304 /* SnoozWatch WatchKit Extension.appex */; settings = {ATTRIBUTES = (RemoveHeadersOnCopy, ); }; };
		5710AF2E232A6619003A0304 /* ContentView.swift in Sources */ = {isa = PBXBuildFile; fileRef = 5710AF2D232A6619003A0304 /* ContentView.swift */; };
		5710AF30232A6619003A0304 /* HostingController.swift in Sources */ = {isa = PBXBuildFile; fileRef = 5710AF2F232A6619003A0304 /* HostingController.swift */; };
		5710AF32232A6619003A0304 /* ExtensionDelegate.swift in Sources */ = {isa = PBXBuildFile; fileRef = 5710AF31232A6619003A0304 /* ExtensionDelegate.swift */; };
		5710AF34232A6619003A0304 /* Assets.xcassets in Resources */ = {isa = PBXBuildFile; fileRef = 5710AF33232A6619003A0304 /* Assets.xcassets */; };
		5710AF37232A6619003A0304 /* Preview Assets.xcassets in Resources */ = {isa = PBXBuildFile; fileRef = 5710AF36232A6619003A0304 /* Preview Assets.xcassets */; };
		5710AF44232A6657003A0304 /* DataStructures.swift in Sources */ = {isa = PBXBuildFile; fileRef = 576B6F0523269A5A001F4B31 /* DataStructures.swift */; };
		5710AF45232A665B003A0304 /* TestData.swift in Sources */ = {isa = PBXBuildFile; fileRef = 5700D4AE23243DA8005B818F /* TestData.swift */; };
		5710AF46232A665F003A0304 /* NewsModel.swift in Sources */ = {isa = PBXBuildFile; fileRef = 5700D4A92323F69C005B818F /* NewsModel.swift */; };
		5710AF47232A6673003A0304 /* Constants.swift in Sources */ = {isa = PBXBuildFile; fileRef = 5700D4AC2323F780005B818F /* Constants.swift */; };
		575E745923269E7B00AFCAF9 /* ImageDetail.swift in Sources */ = {isa = PBXBuildFile; fileRef = 575E745823269E7B00AFCAF9 /* ImageDetail.swift */; };
		576B6F00232698C1001F4B31 /* ShareButton.swift in Sources */ = {isa = PBXBuildFile; fileRef = 576B6EFF232698C1001F4B31 /* ShareButton.swift */; };
		576B6F02232698E6001F4B31 /* ArticleBody.swift in Sources */ = {isa = PBXBuildFile; fileRef = 576B6F01232698E6001F4B31 /* ArticleBody.swift */; };
		576B6F0423269938001F4B31 /* HeadingImage.swift in Sources */ = {isa = PBXBuildFile; fileRef = 576B6F0323269938001F4B31 /* HeadingImage.swift */; };
		576B6F0623269A5A001F4B31 /* DataStructures.swift in Sources */ = {isa = PBXBuildFile; fileRef = 576B6F0523269A5A001F4B31 /* DataStructures.swift */; };
		57B34CAD23252AD400208D78 /* ArticleDetail.swift in Sources */ = {isa = PBXBuildFile; fileRef = 57B34CAC23252AD400208D78 /* ArticleDetail.swift */; };
		57E458F62327BF3600A8E8A4 /* Sharing.swift in Sources */ = {isa = PBXBuildFile; fileRef = 57E458F52327BF3600A8E8A4 /* Sharing.swift */; };
/* End PBXBuildFile section */

/* Begin PBXContainerItemProxy section */
		5710AF1B232A6617003A0304 /* PBXContainerItemProxy */ = {
			isa = PBXContainerItemProxy;
			containerPortal = 5700D48A2323F65C005B818F /* Project object */;
			proxyType = 1;
			remoteGlobalIDString = 5710AF18232A6617003A0304;
			remoteInfo = "SnoozWatch WatchKit App";
		};
		5710AF2A232A6619003A0304 /* PBXContainerItemProxy */ = {
			isa = PBXContainerItemProxy;
			containerPortal = 5700D48A2323F65C005B818F /* Project object */;
			proxyType = 1;
			remoteGlobalIDString = 5710AF27232A6619003A0304;
			remoteInfo = "SnoozWatch WatchKit Extension";
		};
/* End PBXContainerItemProxy section */

/* Begin PBXCopyFilesBuildPhase section */
		5710AF3B232A6619003A0304 /* Embed Watch Content */ = {
			isa = PBXCopyFilesBuildPhase;
			buildActionMask = 2147483647;
			dstPath = "$(CONTENTS_FOLDER_PATH)/Watch";
			dstSubfolderSpec = 16;
			files = (
				5710AF1A232A6617003A0304 /* Snooz.app in Embed Watch Content */,
			);
			name = "Embed Watch Content";
			runOnlyForDeploymentPostprocessing = 0;
		};
		5710AF3E232A6619003A0304 /* Embed App Extensions */ = {
			isa = PBXCopyFilesBuildPhase;
			buildActionMask = 2147483647;
			dstPath = "";
			dstSubfolderSpec = 13;
			files = (
				5710AF29232A6619003A0304 /* SnoozWatch WatchKit Extension.appex in Embed App Extensions */,
			);
			name = "Embed App Extensions";
			runOnlyForDeploymentPostprocessing = 0;
		};
/* End PBXCopyFilesBuildPhase section */

/* Begin PBXFileReference section */
		5700D4922323F65C005B818F /* Snooz.app */ = {isa = PBXFileReference; explicitFileType = wrapper.application; includeInIndex = 0; path = Snooz.app; sourceTree = BUILT_PRODUCTS_DIR; };
		5700D4952323F65C005B818F /* AppDelegate.swift */ = {isa = PBXFileReference; lastKnownFileType = sourcecode.swift; path = AppDelegate.swift; sourceTree = "<group>"; };
		5700D4972323F65C005B818F /* SceneDelegate.swift */ = {isa = PBXFileReference; lastKnownFileType = sourcecode.swift; path = SceneDelegate.swift; sourceTree = "<group>"; };
		5700D4992323F65C005B818F /* NewsList.swift */ = {isa = PBXFileReference; lastKnownFileType = sourcecode.swift; path = NewsList.swift; sourceTree = "<group>"; };
		5700D49B2323F65D005B818F /* Assets.xcassets */ = {isa = PBXFileReference; lastKnownFileType = folder.assetcatalog; path = Assets.xcassets; sourceTree = "<group>"; };
		5700D49E2323F65D005B818F /* Preview Assets.xcassets */ = {isa = PBXFileReference; lastKnownFileType = folder.assetcatalog; path = "Preview Assets.xcassets"; sourceTree = "<group>"; };
		5700D4A12323F65D005B818F /* Base */ = {isa = PBXFileReference; lastKnownFileType = file.storyboard; name = Base; path = Base.lproj/LaunchScreen.storyboard; sourceTree = "<group>"; };
		5700D4A32323F65D005B818F /* Info.plist */ = {isa = PBXFileReference; lastKnownFileType = text.plist.xml; path = Info.plist; sourceTree = "<group>"; };
		5700D4A92323F69C005B818F /* NewsModel.swift */ = {isa = PBXFileReference; lastKnownFileType = sourcecode.swift; path = NewsModel.swift; sourceTree = "<group>"; };
		5700D4AB2323F6A9005B818F /* README.md */ = {isa = PBXFileReference; lastKnownFileType = net.daringfireball.markdown; path = README.md; sourceTree = "<group>"; };
		5700D4AC2323F780005B818F /* Constants.swift */ = {isa = PBXFileReference; lastKnownFileType = sourcecode.swift; path = Constants.swift; sourceTree = "<group>"; };
		5700D4AE23243DA8005B818F /* TestData.swift */ = {isa = PBXFileReference; lastKnownFileType = sourcecode.swift; path = TestData.swift; sourceTree = "<group>"; };
		5710AF16232A6617003A0304 /* SnoozWatch.app */ = {isa = PBXFileReference; explicitFileType = wrapper.application; includeInIndex = 0; path = SnoozWatch.app; sourceTree = BUILT_PRODUCTS_DIR; };
		5710AF19232A6617003A0304 /* Snooz.app */ = {isa = PBXFileReference; explicitFileType = wrapper.application; includeInIndex = 0; path = Snooz.app; sourceTree = BUILT_PRODUCTS_DIR; };
		5710AF1F232A6617003A0304 /* Base */ = {isa = PBXFileReference; lastKnownFileType = file.storyboard; name = Base; path = Base.lproj/Interface.storyboard; sourceTree = "<group>"; };
		5710AF21232A6618003A0304 /* Assets.xcassets */ = {isa = PBXFileReference; lastKnownFileType = folder.assetcatalog; path = Assets.xcassets; sourceTree = "<group>"; };
		5710AF23232A6618003A0304 /* Info.plist */ = {isa = PBXFileReference; lastKnownFileType = text.plist.xml; path = Info.plist; sourceTree = "<group>"; };
		5710AF28232A6619003A0304 /* SnoozWatch WatchKit Extension.appex */ = {isa = PBXFileReference; explicitFileType = "wrapper.app-extension"; includeInIndex = 0; path = "SnoozWatch WatchKit Extension.appex"; sourceTree = BUILT_PRODUCTS_DIR; };
		5710AF2D232A6619003A0304 /* ContentView.swift */ = {isa = PBXFileReference; lastKnownFileType = sourcecode.swift; path = ContentView.swift; sourceTree = "<group>"; };
		5710AF2F232A6619003A0304 /* HostingController.swift */ = {isa = PBXFileReference; lastKnownFileType = sourcecode.swift; path = HostingController.swift; sourceTree = "<group>"; };
		5710AF31232A6619003A0304 /* ExtensionDelegate.swift */ = {isa = PBXFileReference; lastKnownFileType = sourcecode.swift; path = ExtensionDelegate.swift; sourceTree = "<group>"; };
		5710AF33232A6619003A0304 /* Assets.xcassets */ = {isa = PBXFileReference; lastKnownFileType = folder.assetcatalog; path = Assets.xcassets; sourceTree = "<group>"; };
		5710AF36232A6619003A0304 /* Preview Assets.xcassets */ = {isa = PBXFileReference; lastKnownFileType = folder.assetcatalog; path = "Preview Assets.xcassets"; sourceTree = "<group>"; };
		5710AF38232A6619003A0304 /* Info.plist */ = {isa = PBXFileReference; lastKnownFileType = text.plist.xml; path = Info.plist; sourceTree = "<group>"; };
		575E745823269E7B00AFCAF9 /* ImageDetail.swift */ = {isa = PBXFileReference; lastKnownFileType = sourcecode.swift; path = ImageDetail.swift; sourceTree = "<group>"; };
		576B6EFF232698C1001F4B31 /* ShareButton.swift */ = {isa = PBXFileReference; lastKnownFileType = sourcecode.swift; path = ShareButton.swift; sourceTree = "<group>"; };
		576B6F01232698E6001F4B31 /* ArticleBody.swift */ = {isa = PBXFileReference; lastKnownFileType = sourcecode.swift; path = ArticleBody.swift; sourceTree = "<group>"; };
		576B6F0323269938001F4B31 /* HeadingImage.swift */ = {isa = PBXFileReference; lastKnownFileType = sourcecode.swift; path = HeadingImage.swift; sourceTree = "<group>"; };
		576B6F0523269A5A001F4B31 /* DataStructures.swift */ = {isa = PBXFileReference; lastKnownFileType = sourcecode.swift; path = DataStructures.swift; sourceTree = "<group>"; };
		57B34CAC23252AD400208D78 /* ArticleDetail.swift */ = {isa = PBXFileReference; lastKnownFileType = sourcecode.swift; path = ArticleDetail.swift; sourceTree = "<group>"; };
		57E458F52327BF3600A8E8A4 /* Sharing.swift */ = {isa = PBXFileReference; lastKnownFileType = sourcecode.swift; path = Sharing.swift; sourceTree = "<group>"; };
/* End PBXFileReference section */

/* Begin PBXFrameworksBuildPhase section */
		5700D48F2323F65C005B818F /* Frameworks */ = {
			isa = PBXFrameworksBuildPhase;
			buildActionMask = 2147483647;
			files = (
			);
			runOnlyForDeploymentPostprocessing = 0;
		};
		5710AF25232A6619003A0304 /* Frameworks */ = {
			isa = PBXFrameworksBuildPhase;
			buildActionMask = 2147483647;
			files = (
			);
			runOnlyForDeploymentPostprocessing = 0;
		};
/* End PBXFrameworksBuildPhase section */

/* Begin PBXGroup section */
		5700D4892323F65C005B818F = {
			isa = PBXGroup;
			children = (
				5700D4AB2323F6A9005B818F /* README.md */,
				5700D4942323F65C005B818F /* Snooz */,
				5710AF1D232A6617003A0304 /* SnoozWatch WatchKit App */,
				5710AF2C232A6619003A0304 /* SnoozWatch WatchKit Extension */,
				5700D4932323F65C005B818F /* Products */,
			);
			sourceTree = "<group>";
		};
		5700D4932323F65C005B818F /* Products */ = {
			isa = PBXGroup;
			children = (
				5700D4922323F65C005B818F /* Snooz.app */,
				5710AF16232A6617003A0304 /* SnoozWatch.app */,
				5710AF19232A6617003A0304 /* Snooz.app */,
				5710AF28232A6619003A0304 /* SnoozWatch WatchKit Extension.appex */,
			);
			name = Products;
			sourceTree = "<group>";
		};
		5700D4942323F65C005B818F /* Snooz */ = {
			isa = PBXGroup;
			children = (
				5700D4952323F65C005B818F /* AppDelegate.swift */,
				5700D4972323F65C005B818F /* SceneDelegate.swift */,
				5700D4AC2323F780005B818F /* Constants.swift */,
				576B6F0823269B2B001F4B31 /* Model */,
				576B6F0723269AD9001F4B31 /* Main Views */,
				576B6EFE232698AC001F4B31 /* Subviews */,
				5700D49B2323F65D005B818F /* Assets.xcassets */,
				5700D4A02323F65D005B818F /* LaunchScreen.storyboard */,
				5700D4A32323F65D005B818F /* Info.plist */,
				5700D49D2323F65D005B818F /* Preview Content */,
			);
			path = Snooz;
			sourceTree = "<group>";
		};
		5700D49D2323F65D005B818F /* Preview Content */ = {
			isa = PBXGroup;
			children = (
				5700D49E2323F65D005B818F /* Preview Assets.xcassets */,
			);
			path = "Preview Content";
			sourceTree = "<group>";
		};
		5710AF1D232A6617003A0304 /* SnoozWatch WatchKit App */ = {
			isa = PBXGroup;
			children = (
				5710AF1E232A6617003A0304 /* Interface.storyboard */,
				5710AF21232A6618003A0304 /* Assets.xcassets */,
				5710AF23232A6618003A0304 /* Info.plist */,
			);
			path = "SnoozWatch WatchKit App";
			sourceTree = "<group>";
		};
		5710AF2C232A6619003A0304 /* SnoozWatch WatchKit Extension */ = {
			isa = PBXGroup;
			children = (
				5710AF2D232A6619003A0304 /* ContentView.swift */,
				5710AF2F232A6619003A0304 /* HostingController.swift */,
				5710AF31232A6619003A0304 /* ExtensionDelegate.swift */,
				5710AF33232A6619003A0304 /* Assets.xcassets */,
				5710AF38232A6619003A0304 /* Info.plist */,
				5710AF35232A6619003A0304 /* Preview Content */,
			);
			path = "SnoozWatch WatchKit Extension";
			sourceTree = "<group>";
		};
		5710AF35232A6619003A0304 /* Preview Content */ = {
			isa = PBXGroup;
			children = (
				5710AF36232A6619003A0304 /* Preview Assets.xcassets */,
			);
			path = "Preview Content";
			sourceTree = "<group>";
		};
		576B6EFE232698AC001F4B31 /* Subviews */ = {
			isa = PBXGroup;
			children = (
				576B6F0323269938001F4B31 /* HeadingImage.swift */,
				576B6EFF232698C1001F4B31 /* ShareButton.swift */,
				576B6F01232698E6001F4B31 /* ArticleBody.swift */,
			);
			path = Subviews;
			sourceTree = "<group>";
		};
		576B6F0723269AD9001F4B31 /* Main Views */ = {
			isa = PBXGroup;
			children = (
				57E458F52327BF3600A8E8A4 /* Sharing.swift */,
				5700D4992323F65C005B818F /* NewsList.swift */,
				57B34CAC23252AD400208D78 /* ArticleDetail.swift */,
				575E745823269E7B00AFCAF9 /* ImageDetail.swift */,
			);
			path = "Main Views";
			sourceTree = "<group>";
		};
		576B6F0823269B2B001F4B31 /* Model */ = {
			isa = PBXGroup;
			children = (
				5700D4A92323F69C005B818F /* NewsModel.swift */,
				576B6F0523269A5A001F4B31 /* DataStructures.swift */,
				5700D4AE23243DA8005B818F /* TestData.swift */,
			);
			path = Model;
			sourceTree = "<group>";
		};
/* End PBXGroup section */

/* Begin PBXNativeTarget section */
		5700D4912323F65C005B818F /* Snooz */ = {
			isa = PBXNativeTarget;
			buildConfigurationList = 5700D4A62323F65D005B818F /* Build configuration list for PBXNativeTarget "Snooz" */;
			buildPhases = (
				5700D48E2323F65C005B818F /* Sources */,
				5700D48F2323F65C005B818F /* Frameworks */,
				5700D4902323F65C005B818F /* Resources */,
			);
			buildRules = (
			);
			dependencies = (
			);
			name = Snooz;
			productName = Snooz;
			productReference = 5700D4922323F65C005B818F /* Snooz.app */;
			productType = "com.apple.product-type.application";
		};
		5710AF15232A6617003A0304 /* SnoozWatch */ = {
			isa = PBXNativeTarget;
			buildConfigurationList = 5710AF43232A6619003A0304 /* Build configuration list for PBXNativeTarget "SnoozWatch" */;
			buildPhases = (
				5710AF14232A6617003A0304 /* Resources */,
				5710AF3B232A6619003A0304 /* Embed Watch Content */,
			);
			buildRules = (
			);
			dependencies = (
				5710AF1C232A6617003A0304 /* PBXTargetDependency */,
			);
			name = SnoozWatch;
			productName = SnoozWatch;
			productReference = 5710AF16232A6617003A0304 /* SnoozWatch.app */;
			productType = "com.apple.product-type.application.watchapp2-container";
		};
		5710AF18232A6617003A0304 /* SnoozWatch WatchKit App */ = {
			isa = PBXNativeTarget;
			buildConfigurationList = 5710AF42232A6619003A0304 /* Build configuration list for PBXNativeTarget "SnoozWatch WatchKit App" */;
			buildPhases = (
				5710AF17232A6617003A0304 /* Resources */,
				5710AF3E232A6619003A0304 /* Embed App Extensions */,
			);
			buildRules = (
			);
			dependencies = (
				5710AF2B232A6619003A0304 /* PBXTargetDependency */,
			);
			name = "SnoozWatch WatchKit App";
			productName = "SnoozWatch WatchKit App";
			productReference = 5710AF19232A6617003A0304 /* Snooz.app */;
			productType = "com.apple.product-type.application.watchapp2";
		};
		5710AF27232A6619003A0304 /* SnoozWatch WatchKit Extension */ = {
			isa = PBXNativeTarget;
			buildConfigurationList = 5710AF41232A6619003A0304 /* Build configuration list for PBXNativeTarget "SnoozWatch WatchKit Extension" */;
			buildPhases = (
				5710AF24232A6619003A0304 /* Sources */,
				5710AF25232A6619003A0304 /* Frameworks */,
				5710AF26232A6619003A0304 /* Resources */,
			);
			buildRules = (
			);
			dependencies = (
			);
			name = "SnoozWatch WatchKit Extension";
			productName = "SnoozWatch WatchKit Extension";
			productReference = 5710AF28232A6619003A0304 /* SnoozWatch WatchKit Extension.appex */;
			productType = "com.apple.product-type.watchkit2-extension";
		};
/* End PBXNativeTarget section */

/* Begin PBXProject section */
		5700D48A2323F65C005B818F /* Project object */ = {
			isa = PBXProject;
			attributes = {
				LastSwiftUpdateCheck = 1100;
				LastUpgradeCheck = 1100;
				ORGANIZATIONNAME = "Joss Manger";
				TargetAttributes = {
					5700D4912323F65C005B818F = {
						CreatedOnToolsVersion = 11.0;
					};
					5710AF15232A6617003A0304 = {
						CreatedOnToolsVersion = 11.0;
					};
					5710AF18232A6617003A0304 = {
						CreatedOnToolsVersion = 11.0;
					};
					5710AF27232A6619003A0304 = {
						CreatedOnToolsVersion = 11.0;
					};
				};
			};
			buildConfigurationList = 5700D48D2323F65C005B818F /* Build configuration list for PBXProject "Snooz" */;
			compatibilityVersion = "Xcode 9.3";
			developmentRegion = en;
			hasScannedForEncodings = 0;
			knownRegions = (
				en,
				Base,
			);
			mainGroup = 5700D4892323F65C005B818F;
			productRefGroup = 5700D4932323F65C005B818F /* Products */;
			projectDirPath = "";
			projectRoot = "";
			targets = (
				5700D4912323F65C005B818F /* Snooz */,
				5710AF15232A6617003A0304 /* SnoozWatch */,
				5710AF18232A6617003A0304 /* SnoozWatch WatchKit App */,
				5710AF27232A6619003A0304 /* SnoozWatch WatchKit Extension */,
			);
		};
/* End PBXProject section */

/* Begin PBXResourcesBuildPhase section */
		5700D4902323F65C005B818F /* Resources */ = {
			isa = PBXResourcesBuildPhase;
			buildActionMask = 2147483647;
			files = (
				5700D4A22323F65D005B818F /* LaunchScreen.storyboard in Resources */,
				5700D49F2323F65D005B818F /* Preview Assets.xcassets in Resources */,
				5700D49C2323F65D005B818F /* Assets.xcassets in Resources */,
			);
			runOnlyForDeploymentPostprocessing = 0;
		};
		5710AF14232A6617003A0304 /* Resources */ = {
			isa = PBXResourcesBuildPhase;
			buildActionMask = 2147483647;
			files = (
			);
			runOnlyForDeploymentPostprocessing = 0;
		};
		5710AF17232A6617003A0304 /* Resources */ = {
			isa = PBXResourcesBuildPhase;
			buildActionMask = 2147483647;
			files = (
				5710AF22232A6618003A0304 /* Assets.xcassets in Resources */,
				5710AF20232A6617003A0304 /* Interface.storyboard in Resources */,
			);
			runOnlyForDeploymentPostprocessing = 0;
		};
		5710AF26232A6619003A0304 /* Resources */ = {
			isa = PBXResourcesBuildPhase;
			buildActionMask = 2147483647;
			files = (
				5710AF37232A6619003A0304 /* Preview Assets.xcassets in Resources */,
				5710AF34232A6619003A0304 /* Assets.xcassets in Resources */,
			);
			runOnlyForDeploymentPostprocessing = 0;
		};
/* End PBXResourcesBuildPhase section */

/* Begin PBXSourcesBuildPhase section */
		5700D48E2323F65C005B818F /* Sources */ = {
			isa = PBXSourcesBuildPhase;
			buildActionMask = 2147483647;
			files = (
				5700D4AD2323F780005B818F /* Constants.swift in Sources */,
				5700D4AA2323F69C005B818F /* NewsModel.swift in Sources */,
				576B6F0423269938001F4B31 /* HeadingImage.swift in Sources */,
				5700D4962323F65C005B818F /* AppDelegate.swift in Sources */,
				576B6F00232698C1001F4B31 /* ShareButton.swift in Sources */,
				57B34CAD23252AD400208D78 /* ArticleDetail.swift in Sources */,
				575E745923269E7B00AFCAF9 /* ImageDetail.swift in Sources */,
				576B6F0623269A5A001F4B31 /* DataStructures.swift in Sources */,
				5700D4AF23243DA8005B818F /* TestData.swift in Sources */,
				57E458F62327BF3600A8E8A4 /* Sharing.swift in Sources */,
				5700D4982323F65C005B818F /* SceneDelegate.swift in Sources */,
				576B6F02232698E6001F4B31 /* ArticleBody.swift in Sources */,
				5700D49A2323F65C005B818F /* NewsList.swift in Sources */,
			);
			runOnlyForDeploymentPostprocessing = 0;
		};
		5710AF24232A6619003A0304 /* Sources */ = {
			isa = PBXSourcesBuildPhase;
			buildActionMask = 2147483647;
			files = (
				5710AF46232A665F003A0304 /* NewsModel.swift in Sources */,
				5710AF30232A6619003A0304 /* HostingController.swift in Sources */,
				5710AF44232A6657003A0304 /* DataStructures.swift in Sources */,
				5710AF2E232A6619003A0304 /* ContentView.swift in Sources */,
				5710AF47232A6673003A0304 /* Constants.swift in Sources */,
				5710AF45232A665B003A0304 /* TestData.swift in Sources */,
				5710AF32232A6619003A0304 /* ExtensionDelegate.swift in Sources */,
			);
			runOnlyForDeploymentPostprocessing = 0;
		};
/* End PBXSourcesBuildPhase section */

/* Begin PBXTargetDependency section */
		5710AF1C232A6617003A0304 /* PBXTargetDependency */ = {
			isa = PBXTargetDependency;
			target = 5710AF18232A6617003A0304 /* SnoozWatch WatchKit App */;
			targetProxy = 5710AF1B232A6617003A0304 /* PBXContainerItemProxy */;
		};
		5710AF2B232A6619003A0304 /* PBXTargetDependency */ = {
			isa = PBXTargetDependency;
			target = 5710AF27232A6619003A0304 /* SnoozWatch WatchKit Extension */;
			targetProxy = 5710AF2A232A6619003A0304 /* PBXContainerItemProxy */;
		};
/* End PBXTargetDependency section */

/* Begin PBXVariantGroup section */
		5700D4A02323F65D005B818F /* LaunchScreen.storyboard */ = {
			isa = PBXVariantGroup;
			children = (
				5700D4A12323F65D005B818F /* Base */,
			);
			name = LaunchScreen.storyboard;
			sourceTree = "<group>";
		};
		5710AF1E232A6617003A0304 /* Interface.storyboard */ = {
			isa = PBXVariantGroup;
			children = (
				5710AF1F232A6617003A0304 /* Base */,
			);
			name = Interface.storyboard;
			sourceTree = "<group>";
		};
/* End PBXVariantGroup section */

/* Begin XCBuildConfiguration section */
		5700D4A42323F65D005B818F /* Debug */ = {
			isa = XCBuildConfiguration;
			buildSettings = {
				ALWAYS_SEARCH_USER_PATHS = NO;
				CLANG_ANALYZER_NONNULL = YES;
				CLANG_ANALYZER_NUMBER_OBJECT_CONVERSION = YES_AGGRESSIVE;
				CLANG_CXX_LANGUAGE_STANDARD = "gnu++14";
				CLANG_CXX_LIBRARY = "libc++";
				CLANG_ENABLE_MODULES = YES;
				CLANG_ENABLE_OBJC_ARC = YES;
				CLANG_ENABLE_OBJC_WEAK = YES;
				CLANG_WARN_BLOCK_CAPTURE_AUTORELEASING = YES;
				CLANG_WARN_BOOL_CONVERSION = YES;
				CLANG_WARN_COMMA = YES;
				CLANG_WARN_CONSTANT_CONVERSION = YES;
				CLANG_WARN_DEPRECATED_OBJC_IMPLEMENTATIONS = YES;
				CLANG_WARN_DIRECT_OBJC_ISA_USAGE = YES_ERROR;
				CLANG_WARN_DOCUMENTATION_COMMENTS = YES;
				CLANG_WARN_EMPTY_BODY = YES;
				CLANG_WARN_ENUM_CONVERSION = YES;
				CLANG_WARN_INFINITE_RECURSION = YES;
				CLANG_WARN_INT_CONVERSION = YES;
				CLANG_WARN_NON_LITERAL_NULL_CONVERSION = YES;
				CLANG_WARN_OBJC_IMPLICIT_RETAIN_SELF = YES;
				CLANG_WARN_OBJC_LITERAL_CONVERSION = YES;
				CLANG_WARN_OBJC_ROOT_CLASS = YES_ERROR;
				CLANG_WARN_RANGE_LOOP_ANALYSIS = YES;
				CLANG_WARN_STRICT_PROTOTYPES = YES;
				CLANG_WARN_SUSPICIOUS_MOVE = YES;
				CLANG_WARN_UNGUARDED_AVAILABILITY = YES_AGGRESSIVE;
				CLANG_WARN_UNREACHABLE_CODE = YES;
				CLANG_WARN__DUPLICATE_METHOD_MATCH = YES;
				COPY_PHASE_STRIP = NO;
				DEBUG_INFORMATION_FORMAT = dwarf;
				ENABLE_STRICT_OBJC_MSGSEND = YES;
				ENABLE_TESTABILITY = YES;
				GCC_C_LANGUAGE_STANDARD = gnu11;
				GCC_DYNAMIC_NO_PIC = NO;
				GCC_NO_COMMON_BLOCKS = YES;
				GCC_OPTIMIZATION_LEVEL = 0;
				GCC_PREPROCESSOR_DEFINITIONS = (
					"DEBUG=1",
					"$(inherited)",
				);
				GCC_WARN_64_TO_32_BIT_CONVERSION = YES;
				GCC_WARN_ABOUT_RETURN_TYPE = YES_ERROR;
				GCC_WARN_UNDECLARED_SELECTOR = YES;
				GCC_WARN_UNINITIALIZED_AUTOS = YES_AGGRESSIVE;
				GCC_WARN_UNUSED_FUNCTION = YES;
				GCC_WARN_UNUSED_VARIABLE = YES;
				IPHONEOS_DEPLOYMENT_TARGET = 13.0;
				MTL_ENABLE_DEBUG_INFO = INCLUDE_SOURCE;
				MTL_FAST_MATH = YES;
				ONLY_ACTIVE_ARCH = YES;
				SDKROOT = iphoneos;
				SWIFT_ACTIVE_COMPILATION_CONDITIONS = DEBUG;
				SWIFT_OPTIMIZATION_LEVEL = "-Onone";
			};
			name = Debug;
		};
		5700D4A52323F65D005B818F /* Release */ = {
			isa = XCBuildConfiguration;
			buildSettings = {
				ALWAYS_SEARCH_USER_PATHS = NO;
				CLANG_ANALYZER_NONNULL = YES;
				CLANG_ANALYZER_NUMBER_OBJECT_CONVERSION = YES_AGGRESSIVE;
				CLANG_CXX_LANGUAGE_STANDARD = "gnu++14";
				CLANG_CXX_LIBRARY = "libc++";
				CLANG_ENABLE_MODULES = YES;
				CLANG_ENABLE_OBJC_ARC = YES;
				CLANG_ENABLE_OBJC_WEAK = YES;
				CLANG_WARN_BLOCK_CAPTURE_AUTORELEASING = YES;
				CLANG_WARN_BOOL_CONVERSION = YES;
				CLANG_WARN_COMMA = YES;
				CLANG_WARN_CONSTANT_CONVERSION = YES;
				CLANG_WARN_DEPRECATED_OBJC_IMPLEMENTATIONS = YES;
				CLANG_WARN_DIRECT_OBJC_ISA_USAGE = YES_ERROR;
				CLANG_WARN_DOCUMENTATION_COMMENTS = YES;
				CLANG_WARN_EMPTY_BODY = YES;
				CLANG_WARN_ENUM_CONVERSION = YES;
				CLANG_WARN_INFINITE_RECURSION = YES;
				CLANG_WARN_INT_CONVERSION = YES;
				CLANG_WARN_NON_LITERAL_NULL_CONVERSION = YES;
				CLANG_WARN_OBJC_IMPLICIT_RETAIN_SELF = YES;
				CLANG_WARN_OBJC_LITERAL_CONVERSION = YES;
				CLANG_WARN_OBJC_ROOT_CLASS = YES_ERROR;
				CLANG_WARN_RANGE_LOOP_ANALYSIS = YES;
				CLANG_WARN_STRICT_PROTOTYPES = YES;
				CLANG_WARN_SUSPICIOUS_MOVE = YES;
				CLANG_WARN_UNGUARDED_AVAILABILITY = YES_AGGRESSIVE;
				CLANG_WARN_UNREACHABLE_CODE = YES;
				CLANG_WARN__DUPLICATE_METHOD_MATCH = YES;
				COPY_PHASE_STRIP = NO;
				DEBUG_INFORMATION_FORMAT = "dwarf-with-dsym";
				ENABLE_NS_ASSERTIONS = NO;
				ENABLE_STRICT_OBJC_MSGSEND = YES;
				GCC_C_LANGUAGE_STANDARD = gnu11;
				GCC_NO_COMMON_BLOCKS = YES;
				GCC_WARN_64_TO_32_BIT_CONVERSION = YES;
				GCC_WARN_ABOUT_RETURN_TYPE = YES_ERROR;
				GCC_WARN_UNDECLARED_SELECTOR = YES;
				GCC_WARN_UNINITIALIZED_AUTOS = YES_AGGRESSIVE;
				GCC_WARN_UNUSED_FUNCTION = YES;
				GCC_WARN_UNUSED_VARIABLE = YES;
				IPHONEOS_DEPLOYMENT_TARGET = 13.0;
				MTL_ENABLE_DEBUG_INFO = NO;
				MTL_FAST_MATH = YES;
				SDKROOT = iphoneos;
				SWIFT_COMPILATION_MODE = wholemodule;
				SWIFT_OPTIMIZATION_LEVEL = "-O";
				VALIDATE_PRODUCT = YES;
			};
			name = Release;
		};
		5700D4A72323F65D005B818F /* Debug */ = {
			isa = XCBuildConfiguration;
			buildSettings = {
				ASSETCATALOG_COMPILER_APPICON_NAME = AppIcon;
				CODE_SIGN_STYLE = Automatic;
				DEVELOPMENT_ASSET_PATHS = "\"Snooz/Preview Content\"";
				DEVELOPMENT_TEAM = 3C42F7N9CQ;
				ENABLE_PREVIEWS = YES;
				INFOPLIST_FILE = Snooz/Info.plist;
				LD_RUNPATH_SEARCH_PATHS = (
					"$(inherited)",
					"@executable_path/Frameworks",
				);
				PRODUCT_BUNDLE_IDENTIFIER = co.jossy.Snooz;
				PRODUCT_NAME = "$(TARGET_NAME)";
				SWIFT_VERSION = 5.0;
				TARGETED_DEVICE_FAMILY = "1,2";
			};
			name = Debug;
		};
		5700D4A82323F65D005B818F /* Release */ = {
			isa = XCBuildConfiguration;
			buildSettings = {
				ASSETCATALOG_COMPILER_APPICON_NAME = AppIcon;
				CODE_SIGN_STYLE = Automatic;
				DEVELOPMENT_ASSET_PATHS = "\"Snooz/Preview Content\"";
				DEVELOPMENT_TEAM = 3C42F7N9CQ;
				ENABLE_PREVIEWS = YES;
				INFOPLIST_FILE = Snooz/Info.plist;
				LD_RUNPATH_SEARCH_PATHS = (
					"$(inherited)",
					"@executable_path/Frameworks",
				);
				PRODUCT_BUNDLE_IDENTIFIER = co.jossy.Snooz;
				PRODUCT_NAME = "$(TARGET_NAME)";
				SWIFT_VERSION = 5.0;
				TARGETED_DEVICE_FAMILY = "1,2";
			};
			name = Release;
		};
		5710AF39232A6619003A0304 /* Debug */ = {
			isa = XCBuildConfiguration;
			buildSettings = {
				CODE_SIGN_STYLE = Automatic;
				CURRENT_PROJECT_VERSION = 1;
				DEVELOPMENT_TEAM = 3C42F7N9CQ;
				MARKETING_VERSION = 1.0;
				PRODUCT_BUNDLE_IDENTIFIER = co.jossy.SnoozWatch;
				PRODUCT_NAME = "$(TARGET_NAME)";
				SWIFT_VERSION = 5.0;
			};
			name = Debug;
		};
		5710AF3A232A6619003A0304 /* Release */ = {
			isa = XCBuildConfiguration;
			buildSettings = {
				CODE_SIGN_STYLE = Automatic;
				CURRENT_PROJECT_VERSION = 1;
				DEVELOPMENT_TEAM = 3C42F7N9CQ;
				MARKETING_VERSION = 1.0;
				PRODUCT_BUNDLE_IDENTIFIER = co.jossy.SnoozWatch;
				PRODUCT_NAME = "$(TARGET_NAME)";
				SWIFT_VERSION = 5.0;
			};
			name = Release;
		};
		5710AF3C232A6619003A0304 /* Debug */ = {
			isa = XCBuildConfiguration;
			buildSettings = {
				ALWAYS_EMBED_SWIFT_STANDARD_LIBRARIES = YES;
				ASSETCATALOG_COMPILER_APPICON_NAME = AppIcon;
				CODE_SIGN_STYLE = Automatic;
				DEVELOPMENT_TEAM = 3C42F7N9CQ;
				IBSC_MODULE = SnoozWatch_WatchKit_Extension;
				INFOPLIST_FILE = "SnoozWatch WatchKit App/Info.plist";
				PRODUCT_BUNDLE_IDENTIFIER = co.jossy.SnoozWatch.watchkitapp;
				PRODUCT_NAME = Snooz;
				SDKROOT = watchos;
				SKIP_INSTALL = YES;
				SWIFT_VERSION = 5.0;
				TARGETED_DEVICE_FAMILY = 4;
				WATCHOS_DEPLOYMENT_TARGET = 6.0;
			};
			name = Debug;
		};
		5710AF3D232A6619003A0304 /* Release */ = {
			isa = XCBuildConfiguration;
			buildSettings = {
				ALWAYS_EMBED_SWIFT_STANDARD_LIBRARIES = YES;
				ASSETCATALOG_COMPILER_APPICON_NAME = AppIcon;
				CODE_SIGN_STYLE = Automatic;
				DEVELOPMENT_TEAM = 3C42F7N9CQ;
				IBSC_MODULE = SnoozWatch_WatchKit_Extension;
				INFOPLIST_FILE = "SnoozWatch WatchKit App/Info.plist";
				PRODUCT_BUNDLE_IDENTIFIER = co.jossy.SnoozWatch.watchkitapp;
				PRODUCT_NAME = Snooz;
				SDKROOT = watchos;
				SKIP_INSTALL = YES;
				SWIFT_VERSION = 5.0;
				TARGETED_DEVICE_FAMILY = 4;
				WATCHOS_DEPLOYMENT_TARGET = 6.0;
			};
			name = Release;
		};
		5710AF3F232A6619003A0304 /* Debug */ = {
			isa = XCBuildConfiguration;
			buildSettings = {
				ASSETCATALOG_COMPILER_COMPLICATION_NAME = Complication;
				CODE_SIGN_STYLE = Automatic;
				DEVELOPMENT_ASSET_PATHS = "\"SnoozWatch WatchKit Extension/Preview Content\"";
				DEVELOPMENT_TEAM = 3C42F7N9CQ;
				ENABLE_PREVIEWS = YES;
				INFOPLIST_FILE = "SnoozWatch WatchKit Extension/Info.plist";
				LD_RUNPATH_SEARCH_PATHS = (
					"$(inherited)",
					"@executable_path/Frameworks",
					"@executable_path/../../Frameworks",
				);
				PRODUCT_BUNDLE_IDENTIFIER = co.jossy.SnoozWatch.watchkitapp.watchkitextension;
				PRODUCT_NAME = "${TARGET_NAME}";
				SDKROOT = watchos;
				SKIP_INSTALL = YES;
				SWIFT_VERSION = 5.0;
				TARGETED_DEVICE_FAMILY = 4;
				WATCHOS_DEPLOYMENT_TARGET = 6.0;
			};
			name = Debug;
		};
		5710AF40232A6619003A0304 /* Release */ = {
			isa = XCBuildConfiguration;
			buildSettings = {
				ASSETCATALOG_COMPILER_COMPLICATION_NAME = Complication;
				CODE_SIGN_STYLE = Automatic;
				DEVELOPMENT_ASSET_PATHS = "\"SnoozWatch WatchKit Extension/Preview Content\"";
				DEVELOPMENT_TEAM = 3C42F7N9CQ;
				ENABLE_PREVIEWS = YES;
				INFOPLIST_FILE = "SnoozWatch WatchKit Extension/Info.plist";
				LD_RUNPATH_SEARCH_PATHS = (
					"$(inherited)",
					"@executable_path/Frameworks",
					"@executable_path/../../Frameworks",
				);
				PRODUCT_BUNDLE_IDENTIFIER = co.jossy.SnoozWatch.watchkitapp.watchkitextension;
				PRODUCT_NAME = "${TARGET_NAME}";
				SDKROOT = watchos;
				SKIP_INSTALL = YES;
				SWIFT_VERSION = 5.0;
				TARGETED_DEVICE_FAMILY = 4;
				WATCHOS_DEPLOYMENT_TARGET = 6.0;
			};
			name = Release;
		};
/* End XCBuildConfiguration section */

/* Begin XCConfigurationList section */
		5700D48D2323F65C005B818F /* Build configuration list for PBXProject "Snooz" */ = {
			isa = XCConfigurationList;
			buildConfigurations = (
				5700D4A42323F65D005B818F /* Debug */,
				5700D4A52323F65D005B818F /* Release */,
			);
			defaultConfigurationIsVisible = 0;
			defaultConfigurationName = Release;
		};
		5700D4A62323F65D005B818F /* Build configuration list for PBXNativeTarget "Snooz" */ = {
			isa = XCConfigurationList;
			buildConfigurations = (
				5700D4A72323F65D005B818F /* Debug */,
				5700D4A82323F65D005B818F /* Release */,
			);
			defaultConfigurationIsVisible = 0;
			defaultConfigurationName = Release;
		};
		5710AF41232A6619003A0304 /* Build configuration list for PBXNativeTarget "SnoozWatch WatchKit Extension" */ = {
			isa = XCConfigurationList;
			buildConfigurations = (
				5710AF3F232A6619003A0304 /* Debug */,
				5710AF40232A6619003A0304 /* Release */,
			);
			defaultConfigurationIsVisible = 0;
			defaultConfigurationName = Release;
		};
		5710AF42232A6619003A0304 /* Build configuration list for PBXNativeTarget "SnoozWatch WatchKit App" */ = {
			isa = XCConfigurationList;
			buildConfigurations = (
				5710AF3C232A6619003A0304 /* Debug */,
				5710AF3D232A6619003A0304 /* Release */,
			);
			defaultConfigurationIsVisible = 0;
			defaultConfigurationName = Release;
		};
		5710AF43232A6619003A0304 /* Build configuration list for PBXNativeTarget "SnoozWatch" */ = {
			isa = XCConfigurationList;
			buildConfigurations = (
				5710AF39232A6619003A0304 /* Debug */,
				5710AF3A232A6619003A0304 /* Release */,
			);
			defaultConfigurationIsVisible = 0;
			defaultConfigurationName = Release;
		};
/* End XCConfigurationList section */
	};
	rootObject = 5700D48A2323F65C005B818F /* Project object */;
}
